// !$*UTF8*$!
{
	archiveVersion = 1;
	classes = {
	};
	objectVersion = 50;
	objects = {

/* Begin PBXBuildFile section */
		023C002824AA2F49008EFDF3 /* AppDelegate.swift in Sources */ = {isa = PBXBuildFile; fileRef = 023C002724AA2F49008EFDF3 /* AppDelegate.swift */; };
		023C002A24AA2F49008EFDF3 /* SceneDelegate.swift in Sources */ = {isa = PBXBuildFile; fileRef = 023C002924AA2F49008EFDF3 /* SceneDelegate.swift */; };
		023C003124AA2F4A008EFDF3 /* Assets.xcassets in Resources */ = {isa = PBXBuildFile; fileRef = 023C003024AA2F4A008EFDF3 /* Assets.xcassets */; };
		023C003424AA2F4A008EFDF3 /* LaunchScreen.storyboard in Resources */ = {isa = PBXBuildFile; fileRef = 023C003224AA2F4A008EFDF3 /* LaunchScreen.storyboard */; };
		023C003F24AA2F4A008EFDF3 /* TelstraAppTests.swift in Sources */ = {isa = PBXBuildFile; fileRef = 023C003E24AA2F4A008EFDF3 /* TelstraAppTests.swift */; };
		023C004A24AA2F4B008EFDF3 /* TelstraAppUITests.swift in Sources */ = {isa = PBXBuildFile; fileRef = 023C004924AA2F4B008EFDF3 /* TelstraAppUITests.swift */; };
		025E6BB724AB30710064E7EA /* AppConstant.swift in Sources */ = {isa = PBXBuildFile; fileRef = 025E6BB624AB30710064E7EA /* AppConstant.swift */; };
		025E6BB924AB307E0064E7EA /* LandingVC.swift in Sources */ = {isa = PBXBuildFile; fileRef = 025E6BB824AB307E0064E7EA /* LandingVC.swift */; };
		025E6BBD24AB30AD0064E7EA /* FactsTableViewCell.swift in Sources */ = {isa = PBXBuildFile; fileRef = 025E6BBC24AB30AD0064E7EA /* FactsTableViewCell.swift */; };
		025E6BBF24AB30DC0064E7EA /* FactsViewModel.swift in Sources */ = {isa = PBXBuildFile; fileRef = 025E6BBE24AB30DC0064E7EA /* FactsViewModel.swift */; };
		025E6BC224AB47E50064E7EA /* ViewController.swift in Sources */ = {isa = PBXBuildFile; fileRef = 025E6BC024AB47E50064E7EA /* ViewController.swift */; };
		025E6BC324AB47E50064E7EA /* ViewController.xib in Resources */ = {isa = PBXBuildFile; fileRef = 025E6BC124AB47E50064E7EA /* ViewController.xib */; };
		025E6BC524AB48CD0064E7EA /* NetworkManager.swift in Sources */ = {isa = PBXBuildFile; fileRef = 025E6BC424AB48CD0064E7EA /* NetworkManager.swift */; };
		025E6BC724AB4FC80064E7EA /* FactsRowModel.swift in Sources */ = {isa = PBXBuildFile; fileRef = 025E6BC624AB4FC70064E7EA /* FactsRowModel.swift */; };
/* End PBXBuildFile section */

/* Begin PBXContainerItemProxy section */
		023C003B24AA2F4A008EFDF3 /* PBXContainerItemProxy */ = {
			isa = PBXContainerItemProxy;
			containerPortal = 023C001C24AA2F49008EFDF3 /* Project object */;
			proxyType = 1;
			remoteGlobalIDString = 023C002324AA2F49008EFDF3;
			remoteInfo = TelstraApp;
		};
		023C004624AA2F4B008EFDF3 /* PBXContainerItemProxy */ = {
			isa = PBXContainerItemProxy;
			containerPortal = 023C001C24AA2F49008EFDF3 /* Project object */;
			proxyType = 1;
			remoteGlobalIDString = 023C002324AA2F49008EFDF3;
			remoteInfo = TelstraApp;
		};
/* End PBXContainerItemProxy section */

/* Begin PBXFileReference section */
		023C002424AA2F49008EFDF3 /* TelstraApp.app */ = {isa = PBXFileReference; explicitFileType = wrapper.application; includeInIndex = 0; path = TelstraApp.app; sourceTree = BUILT_PRODUCTS_DIR; };
		023C002724AA2F49008EFDF3 /* AppDelegate.swift */ = {isa = PBXFileReference; lastKnownFileType = sourcecode.swift; path = AppDelegate.swift; sourceTree = "<group>"; };
		023C002924AA2F49008EFDF3 /* SceneDelegate.swift */ = {isa = PBXFileReference; lastKnownFileType = sourcecode.swift; path = SceneDelegate.swift; sourceTree = "<group>"; };
		023C003024AA2F4A008EFDF3 /* Assets.xcassets */ = {isa = PBXFileReference; lastKnownFileType = folder.assetcatalog; path = Assets.xcassets; sourceTree = "<group>"; };
		023C003324AA2F4A008EFDF3 /* Base */ = {isa = PBXFileReference; lastKnownFileType = file.storyboard; name = Base; path = Base.lproj/LaunchScreen.storyboard; sourceTree = "<group>"; };
		023C003524AA2F4A008EFDF3 /* Info.plist */ = {isa = PBXFileReference; lastKnownFileType = text.plist.xml; path = Info.plist; sourceTree = "<group>"; };
		023C003A24AA2F4A008EFDF3 /* TelstraAppTests.xctest */ = {isa = PBXFileReference; explicitFileType = wrapper.cfbundle; includeInIndex = 0; path = TelstraAppTests.xctest; sourceTree = BUILT_PRODUCTS_DIR; };
		023C003E24AA2F4A008EFDF3 /* TelstraAppTests.swift */ = {isa = PBXFileReference; lastKnownFileType = sourcecode.swift; path = TelstraAppTests.swift; sourceTree = "<group>"; };
		023C004024AA2F4A008EFDF3 /* Info.plist */ = {isa = PBXFileReference; lastKnownFileType = text.plist.xml; path = Info.plist; sourceTree = "<group>"; };
		023C004524AA2F4B008EFDF3 /* TelstraAppUITests.xctest */ = {isa = PBXFileReference; explicitFileType = wrapper.cfbundle; includeInIndex = 0; path = TelstraAppUITests.xctest; sourceTree = BUILT_PRODUCTS_DIR; };
		023C004924AA2F4B008EFDF3 /* TelstraAppUITests.swift */ = {isa = PBXFileReference; lastKnownFileType = sourcecode.swift; path = TelstraAppUITests.swift; sourceTree = "<group>"; };
		023C004B24AA2F4B008EFDF3 /* Info.plist */ = {isa = PBXFileReference; lastKnownFileType = text.plist.xml; path = Info.plist; sourceTree = "<group>"; };
		025E6BB624AB30710064E7EA /* AppConstant.swift */ = {isa = PBXFileReference; fileEncoding = 4; lastKnownFileType = sourcecode.swift; path = AppConstant.swift; sourceTree = "<group>"; };
		025E6BB824AB307E0064E7EA /* LandingVC.swift */ = {isa = PBXFileReference; fileEncoding = 4; lastKnownFileType = sourcecode.swift; path = LandingVC.swift; sourceTree = "<group>"; };
		025E6BBC24AB30AD0064E7EA /* FactsTableViewCell.swift */ = {isa = PBXFileReference; fileEncoding = 4; lastKnownFileType = sourcecode.swift; path = FactsTableViewCell.swift; sourceTree = "<group>"; };
		025E6BBE24AB30DC0064E7EA /* FactsViewModel.swift */ = {isa = PBXFileReference; fileEncoding = 4; lastKnownFileType = sourcecode.swift; path = FactsViewModel.swift; sourceTree = "<group>"; };
		025E6BC024AB47E50064E7EA /* ViewController.swift */ = {isa = PBXFileReference; fileEncoding = 4; lastKnownFileType = sourcecode.swift; path = ViewController.swift; sourceTree = "<group>"; };
		025E6BC124AB47E50064E7EA /* ViewController.xib */ = {isa = PBXFileReference; fileEncoding = 4; lastKnownFileType = file.xib; path = ViewController.xib; sourceTree = "<group>"; };
		025E6BC424AB48CD0064E7EA /* NetworkManager.swift */ = {isa = PBXFileReference; lastKnownFileType = sourcecode.swift; path = NetworkManager.swift; sourceTree = "<group>"; };
		025E6BC624AB4FC70064E7EA /* FactsRowModel.swift */ = {isa = PBXFileReference; lastKnownFileType = sourcecode.swift; path = FactsRowModel.swift; sourceTree = "<group>"; };
/* End PBXFileReference section */

/* Begin PBXFrameworksBuildPhase section */
		023C002124AA2F49008EFDF3 /* Frameworks */ = {
			isa = PBXFrameworksBuildPhase;
			buildActionMask = 2147483647;
			files = (
			);
			runOnlyForDeploymentPostprocessing = 0;
		};
		023C003724AA2F4A008EFDF3 /* Frameworks */ = {
			isa = PBXFrameworksBuildPhase;
			buildActionMask = 2147483647;
			files = (
			);
			runOnlyForDeploymentPostprocessing = 0;
		};
		023C004224AA2F4B008EFDF3 /* Frameworks */ = {
			isa = PBXFrameworksBuildPhase;
			buildActionMask = 2147483647;
			files = (
			);
			runOnlyForDeploymentPostprocessing = 0;
		};
/* End PBXFrameworksBuildPhase section */

/* Begin PBXGroup section */
		023C001B24AA2F49008EFDF3 = {
			isa = PBXGroup;
			children = (
				023C002624AA2F49008EFDF3 /* TelstraApp */,
				023C003D24AA2F4A008EFDF3 /* TelstraAppTests */,
				023C004824AA2F4B008EFDF3 /* TelstraAppUITests */,
				023C002524AA2F49008EFDF3 /* Products */,
			);
			sourceTree = "<group>";
		};
		023C002524AA2F49008EFDF3 /* Products */ = {
			isa = PBXGroup;
			children = (
				023C002424AA2F49008EFDF3 /* TelstraApp.app */,
				023C003A24AA2F4A008EFDF3 /* TelstraAppTests.xctest */,
				023C004524AA2F4B008EFDF3 /* TelstraAppUITests.xctest */,
			);
			name = Products;
			sourceTree = "<group>";
		};
		023C002624AA2F49008EFDF3 /* TelstraApp */ = {
			isa = PBXGroup;
			children = (
				025E6B9D24AB00BC0064E7EA /* DefaultFiles */,
				025E6B9C24AB008C0064E7EA /* Modules */,
				025E6BA324AB05AB0064E7EA /* NetworkManager */,
				025E6BA224AB04E50064E7EA /* Utility */,
			);
			path = TelstraApp;
			sourceTree = "<group>";
		};
		023C003D24AA2F4A008EFDF3 /* TelstraAppTests */ = {
			isa = PBXGroup;
			children = (
				023C003E24AA2F4A008EFDF3 /* TelstraAppTests.swift */,
				023C004024AA2F4A008EFDF3 /* Info.plist */,
			);
			path = TelstraAppTests;
			sourceTree = "<group>";
		};
		023C004824AA2F4B008EFDF3 /* TelstraAppUITests */ = {
			isa = PBXGroup;
			children = (
				023C004924AA2F4B008EFDF3 /* TelstraAppUITests.swift */,
				023C004B24AA2F4B008EFDF3 /* Info.plist */,
			);
			path = TelstraAppUITests;
			sourceTree = "<group>";
		};
		025E6B9C24AB008C0064E7EA /* Modules */ = {
			isa = PBXGroup;
			children = (
				025E6BA024AB049E0064E7EA /* Model */,
				025E6BA124AB04AC0064E7EA /* ViewModel */,
				025E6B9F24AB04550064E7EA /* Controllers */,
				025E6BBA24AB308A0064E7EA /* CustomView */,
			);
			path = Modules;
			sourceTree = "<group>";
		};
		025E6B9D24AB00BC0064E7EA /* DefaultFiles */ = {
			isa = PBXGroup;
			children = (
				023C002724AA2F49008EFDF3 /* AppDelegate.swift */,
				023C002924AA2F49008EFDF3 /* SceneDelegate.swift */,
				025E6B9E24AB00E10064E7EA /* Resources */,
			);
			path = DefaultFiles;
			sourceTree = "<group>";
		};
		025E6B9E24AB00E10064E7EA /* Resources */ = {
			isa = PBXGroup;
			children = (
				023C003024AA2F4A008EFDF3 /* Assets.xcassets */,
				023C003224AA2F4A008EFDF3 /* LaunchScreen.storyboard */,
				023C003524AA2F4A008EFDF3 /* Info.plist */,
			);
			path = Resources;
			sourceTree = "<group>";
		};
		025E6B9F24AB04550064E7EA /* Controllers */ = {
			isa = PBXGroup;
			children = (
				025E6BC024AB47E50064E7EA /* ViewController.swift */,
				025E6BC124AB47E50064E7EA /* ViewController.xib */,
				025E6BB824AB307E0064E7EA /* LandingVC.swift */,
			);
			path = Controllers;
			sourceTree = "<group>";
		};
		025E6BA024AB049E0064E7EA /* Model */ = {
			isa = PBXGroup;
			children = (
				025E6BC624AB4FC70064E7EA /* FactsRowModel.swift */,
			);
			path = Model;
			sourceTree = "<group>";
		};
		025E6BA124AB04AC0064E7EA /* ViewModel */ = {
			isa = PBXGroup;
			children = (
				025E6BBE24AB30DC0064E7EA /* FactsViewModel.swift */,
			);
			path = ViewModel;
			sourceTree = "<group>";
		};
		025E6BA224AB04E50064E7EA /* Utility */ = {
			isa = PBXGroup;
			children = (
				025E6BB624AB30710064E7EA /* AppConstant.swift */,
			);
			path = Utility;
			sourceTree = "<group>";
		};
		025E6BA324AB05AB0064E7EA /* NetworkManager */ = {
			isa = PBXGroup;
			children = (
				025E6BC424AB48CD0064E7EA /* NetworkManager.swift */,
			);
			path = NetworkManager;
			sourceTree = "<group>";
		};
		025E6BBA24AB308A0064E7EA /* CustomView */ = {
			isa = PBXGroup;
			children = (
				025E6BBB24AB30A20064E7EA /* CustomCell */,
			);
			path = CustomView;
			sourceTree = "<group>";
		};
		025E6BBB24AB30A20064E7EA /* CustomCell */ = {
			isa = PBXGroup;
			children = (
				025E6BBC24AB30AD0064E7EA /* FactsTableViewCell.swift */,
			);
			path = CustomCell;
			sourceTree = "<group>";
		};
/* End PBXGroup section */

/* Begin PBXNativeTarget section */
		023C002324AA2F49008EFDF3 /* TelstraApp */ = {
			isa = PBXNativeTarget;
			buildConfigurationList = 023C004E24AA2F4B008EFDF3 /* Build configuration list for PBXNativeTarget "TelstraApp" */;
			buildPhases = (
				023C002024AA2F49008EFDF3 /* Sources */,
				023C002124AA2F49008EFDF3 /* Frameworks */,
				023C002224AA2F49008EFDF3 /* Resources */,
			);
			buildRules = (
			);
			dependencies = (
			);
			name = TelstraApp;
			productName = TelstraApp;
			productReference = 023C002424AA2F49008EFDF3 /* TelstraApp.app */;
			productType = "com.apple.product-type.application";
		};
		023C003924AA2F4A008EFDF3 /* TelstraAppTests */ = {
			isa = PBXNativeTarget;
			buildConfigurationList = 023C005124AA2F4B008EFDF3 /* Build configuration list for PBXNativeTarget "TelstraAppTests" */;
			buildPhases = (
				023C003624AA2F4A008EFDF3 /* Sources */,
				023C003724AA2F4A008EFDF3 /* Frameworks */,
				023C003824AA2F4A008EFDF3 /* Resources */,
			);
			buildRules = (
			);
			dependencies = (
				023C003C24AA2F4A008EFDF3 /* PBXTargetDependency */,
			);
			name = TelstraAppTests;
			productName = TelstraAppTests;
			productReference = 023C003A24AA2F4A008EFDF3 /* TelstraAppTests.xctest */;
			productType = "com.apple.product-type.bundle.unit-test";
		};
		023C004424AA2F4B008EFDF3 /* TelstraAppUITests */ = {
			isa = PBXNativeTarget;
			buildConfigurationList = 023C005424AA2F4B008EFDF3 /* Build configuration list for PBXNativeTarget "TelstraAppUITests" */;
			buildPhases = (
				023C004124AA2F4B008EFDF3 /* Sources */,
				023C004224AA2F4B008EFDF3 /* Frameworks */,
				023C004324AA2F4B008EFDF3 /* Resources */,
			);
			buildRules = (
			);
			dependencies = (
				023C004724AA2F4B008EFDF3 /* PBXTargetDependency */,
			);
			name = TelstraAppUITests;
			productName = TelstraAppUITests;
			productReference = 023C004524AA2F4B008EFDF3 /* TelstraAppUITests.xctest */;
			productType = "com.apple.product-type.bundle.ui-testing";
		};
/* End PBXNativeTarget section */

/* Begin PBXProject section */
		023C001C24AA2F49008EFDF3 /* Project object */ = {
			isa = PBXProject;
			attributes = {
				LastSwiftUpdateCheck = 1140;
				LastUpgradeCheck = 1140;
				ORGANIZATIONNAME = "Rajesh Deshmukh";
				TargetAttributes = {
					023C002324AA2F49008EFDF3 = {
						CreatedOnToolsVersion = 11.4;
					};
					023C003924AA2F4A008EFDF3 = {
						CreatedOnToolsVersion = 11.4;
						TestTargetID = 023C002324AA2F49008EFDF3;
					};
					023C004424AA2F4B008EFDF3 = {
						CreatedOnToolsVersion = 11.4;
						TestTargetID = 023C002324AA2F49008EFDF3;
					};
				};
			};
			buildConfigurationList = 023C001F24AA2F49008EFDF3 /* Build configuration list for PBXProject "TelstraApp" */;
			compatibilityVersion = "Xcode 9.3";
			developmentRegion = en;
			hasScannedForEncodings = 0;
			knownRegions = (
				en,
				Base,
			);
			mainGroup = 023C001B24AA2F49008EFDF3;
			productRefGroup = 023C002524AA2F49008EFDF3 /* Products */;
			projectDirPath = "";
			projectRoot = "";
			targets = (
				023C002324AA2F49008EFDF3 /* TelstraApp */,
				023C003924AA2F4A008EFDF3 /* TelstraAppTests */,
				023C004424AA2F4B008EFDF3 /* TelstraAppUITests */,
			);
		};
/* End PBXProject section */

/* Begin PBXResourcesBuildPhase section */
		023C002224AA2F49008EFDF3 /* Resources */ = {
			isa = PBXResourcesBuildPhase;
			buildActionMask = 2147483647;
			files = (
				023C003424AA2F4A008EFDF3 /* LaunchScreen.storyboard in Resources */,
				025E6BC324AB47E50064E7EA /* ViewController.xib in Resources */,
				023C003124AA2F4A008EFDF3 /* Assets.xcassets in Resources */,
			);
			runOnlyForDeploymentPostprocessing = 0;
		};
		023C003824AA2F4A008EFDF3 /* Resources */ = {
			isa = PBXResourcesBuildPhase;
			buildActionMask = 2147483647;
			files = (
			);
			runOnlyForDeploymentPostprocessing = 0;
		};
		023C004324AA2F4B008EFDF3 /* Resources */ = {
			isa = PBXResourcesBuildPhase;
			buildActionMask = 2147483647;
			files = (
			);
			runOnlyForDeploymentPostprocessing = 0;
		};
/* End PBXResourcesBuildPhase section */

/* Begin PBXSourcesBuildPhase section */
		023C002024AA2F49008EFDF3 /* Sources */ = {
			isa = PBXSourcesBuildPhase;
			buildActionMask = 2147483647;
			files = (
				025E6BBF24AB30DC0064E7EA /* FactsViewModel.swift in Sources */,
				025E6BC724AB4FC80064E7EA /* FactsRowModel.swift in Sources */,
				025E6BB924AB307E0064E7EA /* LandingVC.swift in Sources */,
				025E6BB724AB30710064E7EA /* AppConstant.swift in Sources */,
				023C002824AA2F49008EFDF3 /* AppDelegate.swift in Sources */,
				025E6BC524AB48CD0064E7EA /* NetworkManager.swift in Sources */,
				025E6BC224AB47E50064E7EA /* ViewController.swift in Sources */,
				023C002A24AA2F49008EFDF3 /* SceneDelegate.swift in Sources */,
				025E6BBD24AB30AD0064E7EA /* FactsTableViewCell.swift in Sources */,
			);
			runOnlyForDeploymentPostprocessing = 0;
		};
		023C003624AA2F4A008EFDF3 /* Sources */ = {
			isa = PBXSourcesBuildPhase;
			buildActionMask = 2147483647;
			files = (
				023C003F24AA2F4A008EFDF3 /* TelstraAppTests.swift in Sources */,
			);
			runOnlyForDeploymentPostprocessing = 0;
		};
		023C004124AA2F4B008EFDF3 /* Sources */ = {
			isa = PBXSourcesBuildPhase;
			buildActionMask = 2147483647;
			files = (
				023C004A24AA2F4B008EFDF3 /* TelstraAppUITests.swift in Sources */,
			);
			runOnlyForDeploymentPostprocessing = 0;
		};
/* End PBXSourcesBuildPhase section */

/* Begin PBXTargetDependency section */
		023C003C24AA2F4A008EFDF3 /* PBXTargetDependency */ = {
			isa = PBXTargetDependency;
			target = 023C002324AA2F49008EFDF3 /* TelstraApp */;
			targetProxy = 023C003B24AA2F4A008EFDF3 /* PBXContainerItemProxy */;
		};
		023C004724AA2F4B008EFDF3 /* PBXTargetDependency */ = {
			isa = PBXTargetDependency;
			target = 023C002324AA2F49008EFDF3 /* TelstraApp */;
			targetProxy = 023C004624AA2F4B008EFDF3 /* PBXContainerItemProxy */;
		};
/* End PBXTargetDependency section */

/* Begin PBXVariantGroup section */
		023C003224AA2F4A008EFDF3 /* LaunchScreen.storyboard */ = {
			isa = PBXVariantGroup;
			children = (
				023C003324AA2F4A008EFDF3 /* Base */,
			);
			name = LaunchScreen.storyboard;
			sourceTree = "<group>";
		};
/* End PBXVariantGroup section */

/* Begin XCBuildConfiguration section */
		023C004C24AA2F4B008EFDF3 /* Debug */ = {
			isa = XCBuildConfiguration;
			buildSettings = {
				ALWAYS_SEARCH_USER_PATHS = NO;
				CLANG_ANALYZER_NONNULL = YES;
				CLANG_ANALYZER_NUMBER_OBJECT_CONVERSION = YES_AGGRESSIVE;
				CLANG_CXX_LANGUAGE_STANDARD = "gnu++14";
				CLANG_CXX_LIBRARY = "libc++";
				CLANG_ENABLE_MODULES = YES;
				CLANG_ENABLE_OBJC_ARC = YES;
				CLANG_ENABLE_OBJC_WEAK = YES;
				CLANG_WARN_BLOCK_CAPTURE_AUTORELEASING = YES;
				CLANG_WARN_BOOL_CONVERSION = YES;
				CLANG_WARN_COMMA = YES;
				CLANG_WARN_CONSTANT_CONVERSION = YES;
				CLANG_WARN_DEPRECATED_OBJC_IMPLEMENTATIONS = YES;
				CLANG_WARN_DIRECT_OBJC_ISA_USAGE = YES_ERROR;
				CLANG_WARN_DOCUMENTATION_COMMENTS = YES;
				CLANG_WARN_EMPTY_BODY = YES;
				CLANG_WARN_ENUM_CONVERSION = YES;
				CLANG_WARN_INFINITE_RECURSION = YES;
				CLANG_WARN_INT_CONVERSION = YES;
				CLANG_WARN_NON_LITERAL_NULL_CONVERSION = YES;
				CLANG_WARN_OBJC_IMPLICIT_RETAIN_SELF = YES;
				CLANG_WARN_OBJC_LITERAL_CONVERSION = YES;
				CLANG_WARN_OBJC_ROOT_CLASS = YES_ERROR;
				CLANG_WARN_RANGE_LOOP_ANALYSIS = YES;
				CLANG_WARN_STRICT_PROTOTYPES = YES;
				CLANG_WARN_SUSPICIOUS_MOVE = YES;
				CLANG_WARN_UNGUARDED_AVAILABILITY = YES_AGGRESSIVE;
				CLANG_WARN_UNREACHABLE_CODE = YES;
				CLANG_WARN__DUPLICATE_METHOD_MATCH = YES;
				COPY_PHASE_STRIP = NO;
				DEBUG_INFORMATION_FORMAT = dwarf;
				ENABLE_STRICT_OBJC_MSGSEND = YES;
				ENABLE_TESTABILITY = YES;
				GCC_C_LANGUAGE_STANDARD = gnu11;
				GCC_DYNAMIC_NO_PIC = NO;
				GCC_NO_COMMON_BLOCKS = YES;
				GCC_OPTIMIZATION_LEVEL = 0;
				GCC_PREPROCESSOR_DEFINITIONS = (
					"DEBUG=1",
					"$(inherited)",
				);
				GCC_WARN_64_TO_32_BIT_CONVERSION = YES;
				GCC_WARN_ABOUT_RETURN_TYPE = YES_ERROR;
				GCC_WARN_UNDECLARED_SELECTOR = YES;
				GCC_WARN_UNINITIALIZED_AUTOS = YES_AGGRESSIVE;
				GCC_WARN_UNUSED_FUNCTION = YES;
				GCC_WARN_UNUSED_VARIABLE = YES;
				IPHONEOS_DEPLOYMENT_TARGET = 13.4;
				MTL_ENABLE_DEBUG_INFO = INCLUDE_SOURCE;
				MTL_FAST_MATH = YES;
				ONLY_ACTIVE_ARCH = YES;
				SDKROOT = iphoneos;
				SWIFT_ACTIVE_COMPILATION_CONDITIONS = DEBUG;
				SWIFT_OPTIMIZATION_LEVEL = "-Onone";
			};
			name = Debug;
		};
		023C004D24AA2F4B008EFDF3 /* Release */ = {
			isa = XCBuildConfiguration;
			buildSettings = {
				ALWAYS_SEARCH_USER_PATHS = NO;
				CLANG_ANALYZER_NONNULL = YES;
				CLANG_ANALYZER_NUMBER_OBJECT_CONVERSION = YES_AGGRESSIVE;
				CLANG_CXX_LANGUAGE_STANDARD = "gnu++14";
				CLANG_CXX_LIBRARY = "libc++";
				CLANG_ENABLE_MODULES = YES;
				CLANG_ENABLE_OBJC_ARC = YES;
				CLANG_ENABLE_OBJC_WEAK = YES;
				CLANG_WARN_BLOCK_CAPTURE_AUTORELEASING = YES;
				CLANG_WARN_BOOL_CONVERSION = YES;
				CLANG_WARN_COMMA = YES;
				CLANG_WARN_CONSTANT_CONVERSION = YES;
				CLANG_WARN_DEPRECATED_OBJC_IMPLEMENTATIONS = YES;
				CLANG_WARN_DIRECT_OBJC_ISA_USAGE = YES_ERROR;
				CLANG_WARN_DOCUMENTATION_COMMENTS = YES;
				CLANG_WARN_EMPTY_BODY = YES;
				CLANG_WARN_ENUM_CONVERSION = YES;
				CLANG_WARN_INFINITE_RECURSION = YES;
				CLANG_WARN_INT_CONVERSION = YES;
				CLANG_WARN_NON_LITERAL_NULL_CONVERSION = YES;
				CLANG_WARN_OBJC_IMPLICIT_RETAIN_SELF = YES;
				CLANG_WARN_OBJC_LITERAL_CONVERSION = YES;
				CLANG_WARN_OBJC_ROOT_CLASS = YES_ERROR;
				CLANG_WARN_RANGE_LOOP_ANALYSIS = YES;
				CLANG_WARN_STRICT_PROTOTYPES = YES;
				CLANG_WARN_SUSPICIOUS_MOVE = YES;
				CLANG_WARN_UNGUARDED_AVAILABILITY = YES_AGGRESSIVE;
				CLANG_WARN_UNREACHABLE_CODE = YES;
				CLANG_WARN__DUPLICATE_METHOD_MATCH = YES;
				COPY_PHASE_STRIP = NO;
				DEBUG_INFORMATION_FORMAT = "dwarf-with-dsym";
				ENABLE_NS_ASSERTIONS = NO;
				ENABLE_STRICT_OBJC_MSGSEND = YES;
				GCC_C_LANGUAGE_STANDARD = gnu11;
				GCC_NO_COMMON_BLOCKS = YES;
				GCC_WARN_64_TO_32_BIT_CONVERSION = YES;
				GCC_WARN_ABOUT_RETURN_TYPE = YES_ERROR;
				GCC_WARN_UNDECLARED_SELECTOR = YES;
				GCC_WARN_UNINITIALIZED_AUTOS = YES_AGGRESSIVE;
				GCC_WARN_UNUSED_FUNCTION = YES;
				GCC_WARN_UNUSED_VARIABLE = YES;
				IPHONEOS_DEPLOYMENT_TARGET = 13.4;
				MTL_ENABLE_DEBUG_INFO = NO;
				MTL_FAST_MATH = YES;
				SDKROOT = iphoneos;
				SWIFT_COMPILATION_MODE = wholemodule;
				SWIFT_OPTIMIZATION_LEVEL = "-O";
				VALIDATE_PRODUCT = YES;
			};
			name = Release;
		};
		023C004F24AA2F4B008EFDF3 /* Debug */ = {
			isa = XCBuildConfiguration;
			buildSettings = {
				ASSETCATALOG_COMPILER_APPICON_NAME = AppIcon;
				CODE_SIGN_STYLE = Automatic;
				INFOPLIST_FILE = /Users/yogitabansode/Desktop/FinalTelstraDemo/Final/TelstraApp/TelstraApp/DefaultFiles/Resources/Info.plist;
				LD_RUNPATH_SEARCH_PATHS = (
					"$(inherited)",
					"@executable_path/Frameworks",
				);
				PRODUCT_BUNDLE_IDENTIFIER = com.telstra.smart;
				PRODUCT_NAME = "$(TARGET_NAME)";
				SWIFT_VERSION = 5.0;
				TARGETED_DEVICE_FAMILY = "1,2";
			};
			name = Debug;
		};
		023C005024AA2F4B008EFDF3 /* Release */ = {
			isa = XCBuildConfiguration;
			buildSettings = {
				ASSETCATALOG_COMPILER_APPICON_NAME = AppIcon;
				CODE_SIGN_STYLE = Automatic;
				INFOPLIST_FILE = /Users/yogitabansode/Desktop/FinalTelstraDemo/Final/TelstraApp/TelstraApp/DefaultFiles/Resources/Info.plist;
				LD_RUNPATH_SEARCH_PATHS = (
					"$(inherited)",
					"@executable_path/Frameworks",
				);
				PRODUCT_BUNDLE_IDENTIFIER = com.telstra.smart;
				PRODUCT_NAME = "$(TARGET_NAME)";
				SWIFT_VERSION = 5.0;
				TARGETED_DEVICE_FAMILY = "1,2";
			};
			name = Release;
		};
		023C005224AA2F4B008EFDF3 /* Debug */ = {
			isa = XCBuildConfiguration;
			buildSettings = {
				ALWAYS_EMBED_SWIFT_STANDARD_LIBRARIES = YES;
				BUNDLE_LOADER = "$(TEST_HOST)";
				CODE_SIGN_STYLE = Automatic;
				INFOPLIST_FILE = /Users/yogitabansode/Desktop/FinalTelstraDemo/Final/TelstraApp/TelstraApp/DefaultFiles/Resources/Info.plist;
				IPHONEOS_DEPLOYMENT_TARGET = 13.4;
				LD_RUNPATH_SEARCH_PATHS = (
					"$(inherited)",
					"@executable_path/Frameworks",
					"@loader_path/Frameworks",
				);
				PRODUCT_BUNDLE_IDENTIFIER = com.telstra.smart.TelstraAppTests;
				PRODUCT_NAME = "$(TARGET_NAME)";
				SWIFT_VERSION = 5.0;
				TARGETED_DEVICE_FAMILY = "1,2";
				TEST_HOST = "$(BUILT_PRODUCTS_DIR)/TelstraApp.app/TelstraApp";
			};
			name = Debug;
		};
		023C005324AA2F4B008EFDF3 /* Release */ = {
			isa = XCBuildConfiguration;
			buildSettings = {
				ALWAYS_EMBED_SWIFT_STANDARD_LIBRARIES = YES;
				BUNDLE_LOADER = "$(TEST_HOST)";
				CODE_SIGN_STYLE = Automatic;
				INFOPLIST_FILE = /Users/yogitabansode/Desktop/FinalTelstraDemo/Final/TelstraApp/TelstraApp/DefaultFiles/Resources/Info.plist;
				IPHONEOS_DEPLOYMENT_TARGET = 13.4;
				LD_RUNPATH_SEARCH_PATHS = (
					"$(inherited)",
					"@executable_path/Frameworks",
					"@loader_path/Frameworks",
				);
				PRODUCT_BUNDLE_IDENTIFIER = com.telstra.smart.TelstraAppTests;
				PRODUCT_NAME = "$(TARGET_NAME)";
				SWIFT_VERSION = 5.0;
				TARGETED_DEVICE_FAMILY = "1,2";
				TEST_HOST = "$(BUILT_PRODUCTS_DIR)/TelstraApp.app/TelstraApp";
			};
			name = Release;
		};
		023C005524AA2F4B008EFDF3 /* Debug */ = {
			isa = XCBuildConfiguration;
			buildSettings = {
				ALWAYS_EMBED_SWIFT_STANDARD_LIBRARIES = YES;
				CODE_SIGN_STYLE = Automatic;
				INFOPLIST_FILE = /Users/yogitabansode/Desktop/FinalTelstraDemo/Final/TelstraApp/TelstraApp/DefaultFiles/Resources/Info.plist;
				LD_RUNPATH_SEARCH_PATHS = (
					"$(inherited)",
					"@executable_path/Frameworks",
					"@loader_path/Frameworks",
				);
				PRODUCT_BUNDLE_IDENTIFIER = com.telstra.smart.TelstraAppUITests;
				PRODUCT_NAME = "$(TARGET_NAME)";
				SWIFT_VERSION = 5.0;
				TARGETED_DEVICE_FAMILY = "1,2";
				TEST_TARGET_NAME = TelstraApp;
			};
			name = Debug;
		};
		023C005624AA2F4B008EFDF3 /* Release */ = {
			isa = XCBuildConfiguration;
			buildSettings = {
				ALWAYS_EMBED_SWIFT_STANDARD_LIBRARIES = YES;
				CODE_SIGN_STYLE = Automatic;
				INFOPLIST_FILE = /Users/yogitabansode/Desktop/FinalTelstraDemo/Final/TelstraApp/TelstraApp/DefaultFiles/Resources/Info.plist;
				LD_RUNPATH_SEARCH_PATHS = (
					"$(inherited)",
					"@executable_path/Frameworks",
					"@loader_path/Frameworks",
				);
				PRODUCT_BUNDLE_IDENTIFIER = com.telstra.smart.TelstraAppUITests;
				PRODUCT_NAME = "$(TARGET_NAME)";
				SWIFT_VERSION = 5.0;
				TARGETED_DEVICE_FAMILY = "1,2";
				TEST_TARGET_NAME = TelstraApp;
			};
			name = Release;
		};
/* End XCBuildConfiguration section */

/* Begin XCConfigurationList section */
		023C001F24AA2F49008EFDF3 /* Build configuration list for PBXProject "TelstraApp" */ = {
			isa = XCConfigurationList;
			buildConfigurations = (
				023C004C24AA2F4B008EFDF3 /* Debug */,
				023C004D24AA2F4B008EFDF3 /* Release */,
			);
			defaultConfigurationIsVisible = 0;
			defaultConfigurationName = Release;
		};
		023C004E24AA2F4B008EFDF3 /* Build configuration list for PBXNativeTarget "TelstraApp" */ = {
			isa = XCConfigurationList;
			buildConfigurations = (
				023C004F24AA2F4B008EFDF3 /* Debug */,
				023C005024AA2F4B008EFDF3 /* Release */,
			);
			defaultConfigurationIsVisible = 0;
			defaultConfigurationName = Release;
		};
		023C005124AA2F4B008EFDF3 /* Build configuration list for PBXNativeTarget "TelstraAppTests" */ = {
			isa = XCConfigurationList;
			buildConfigurations = (
				023C005224AA2F4B008EFDF3 /* Debug */,
				023C005324AA2F4B008EFDF3 /* Release */,
			);
			defaultConfigurationIsVisible = 0;
			defaultConfigurationName = Release;
		};
		023C005424AA2F4B008EFDF3 /* Build configuration list for PBXNativeTarget "TelstraAppUITests" */ = {
			isa = XCConfigurationList;
			buildConfigurations = (
				023C005524AA2F4B008EFDF3 /* Debug */,
				023C005624AA2F4B008EFDF3 /* Release */,
			);
			defaultConfigurationIsVisible = 0;
			defaultConfigurationName = Release;
		};
/* End XCConfigurationList section */
	};
	rootObject = 023C001C24AA2F49008EFDF3 /* Project object */;
}
